// !$*UTF8*$!
{
	archiveVersion = 1;
	classes = {
	};
	objectVersion = 55;
	objects = {

/* Begin PBXBuildFile section */
		85B287A027E0F8BB008962E5 /* MealManager.swift in Sources */ = {isa = PBXBuildFile; fileRef = 85B2879F27E0F8BB008962E5 /* MealManager.swift */; };
		85B287A227E10D71008962E5 /* MealData.swift in Sources */ = {isa = PBXBuildFile; fileRef = 85B287A127E10D71008962E5 /* MealData.swift */; };
		85B287A627E11D76008962E5 /* MealModel.swift in Sources */ = {isa = PBXBuildFile; fileRef = 85B287A527E11D76008962E5 /* MealModel.swift */; };
		85B287AC27E12E46008962E5 /* MealViewController.swift in Sources */ = {isa = PBXBuildFile; fileRef = 85B287AB27E12E46008962E5 /* MealViewController.swift */; };
		85B287B227E144E7008962E5 /* Category.swift in Sources */ = {isa = PBXBuildFile; fileRef = 85B287B127E144E7008962E5 /* Category.swift */; };
		85C05F0327E266040096F485 /* MealDetailViewController.swift in Sources */ = {isa = PBXBuildFile; fileRef = 85C05F0227E266040096F485 /* MealDetailViewController.swift */; };
		85E22C9427E24DAD005DC80B /* MealByCategory.swift in Sources */ = {isa = PBXBuildFile; fileRef = 85E22C9327E24DAD005DC80B /* MealByCategory.swift */; };
		85E7813427E0F571004C1088 /* AppDelegate.swift in Sources */ = {isa = PBXBuildFile; fileRef = 85E7813327E0F571004C1088 /* AppDelegate.swift */; };
		85E7813627E0F571004C1088 /* SceneDelegate.swift in Sources */ = {isa = PBXBuildFile; fileRef = 85E7813527E0F571004C1088 /* SceneDelegate.swift */; };
		85E7813827E0F571004C1088 /* ViewController.swift in Sources */ = {isa = PBXBuildFile; fileRef = 85E7813727E0F571004C1088 /* ViewController.swift */; };
		85E7813B27E0F571004C1088 /* Main.storyboard in Resources */ = {isa = PBXBuildFile; fileRef = 85E7813927E0F571004C1088 /* Main.storyboard */; };
		85E7813D27E0F572004C1088 /* Assets.xcassets in Resources */ = {isa = PBXBuildFile; fileRef = 85E7813C27E0F572004C1088 /* Assets.xcassets */; };
		85E7814027E0F572004C1088 /* LaunchScreen.storyboard in Resources */ = {isa = PBXBuildFile; fileRef = 85E7813E27E0F572004C1088 /* LaunchScreen.storyboard */; };
/* End PBXBuildFile section */

/* Begin PBXFileReference section */
		85B2879F27E0F8BB008962E5 /* MealManager.swift */ = {isa = PBXFileReference; lastKnownFileType = sourcecode.swift; path = MealManager.swift; sourceTree = "<group>"; };
		85B287A127E10D71008962E5 /* MealData.swift */ = {isa = PBXFileReference; lastKnownFileType = sourcecode.swift; path = MealData.swift; sourceTree = "<group>"; };
		85B287A527E11D76008962E5 /* MealModel.swift */ = {isa = PBXFileReference; lastKnownFileType = sourcecode.swift; path = MealModel.swift; sourceTree = "<group>"; };
		85B287AB27E12E46008962E5 /* MealViewController.swift */ = {isa = PBXFileReference; lastKnownFileType = sourcecode.swift; path = MealViewController.swift; sourceTree = "<group>"; };
		85B287B127E144E7008962E5 /* Category.swift */ = {isa = PBXFileReference; lastKnownFileType = sourcecode.swift; path = Category.swift; sourceTree = "<group>"; };
		85C05F0227E266040096F485 /* MealDetailViewController.swift */ = {isa = PBXFileReference; lastKnownFileType = sourcecode.swift; path = MealDetailViewController.swift; sourceTree = "<group>"; };
		85E22C9327E24DAD005DC80B /* MealByCategory.swift */ = {isa = PBXFileReference; lastKnownFileType = sourcecode.swift; path = MealByCategory.swift; sourceTree = "<group>"; };
		85E7813027E0F571004C1088 /* Fetch a Meal.app */ = {isa = PBXFileReference; explicitFileType = wrapper.application; includeInIndex = 0; path = "Fetch a Meal.app"; sourceTree = BUILT_PRODUCTS_DIR; };
		85E7813327E0F571004C1088 /* AppDelegate.swift */ = {isa = PBXFileReference; lastKnownFileType = sourcecode.swift; path = AppDelegate.swift; sourceTree = "<group>"; };
		85E7813527E0F571004C1088 /* SceneDelegate.swift */ = {isa = PBXFileReference; lastKnownFileType = sourcecode.swift; path = SceneDelegate.swift; sourceTree = "<group>"; };
		85E7813727E0F571004C1088 /* ViewController.swift */ = {isa = PBXFileReference; lastKnownFileType = sourcecode.swift; path = ViewController.swift; sourceTree = "<group>"; };
		85E7813A27E0F571004C1088 /* Base */ = {isa = PBXFileReference; lastKnownFileType = file.storyboard; name = Base; path = Base.lproj/Main.storyboard; sourceTree = "<group>"; };
		85E7813C27E0F572004C1088 /* Assets.xcassets */ = {isa = PBXFileReference; lastKnownFileType = folder.assetcatalog; path = Assets.xcassets; sourceTree = "<group>"; };
		85E7813F27E0F572004C1088 /* Base */ = {isa = PBXFileReference; lastKnownFileType = file.storyboard; name = Base; path = Base.lproj/LaunchScreen.storyboard; sourceTree = "<group>"; };
		85E7814127E0F572004C1088 /* Info.plist */ = {isa = PBXFileReference; lastKnownFileType = text.plist.xml; path = Info.plist; sourceTree = "<group>"; };
/* End PBXFileReference section */

/* Begin PBXFrameworksBuildPhase section */
		85E7812D27E0F571004C1088 /* Frameworks */ = {
			isa = PBXFrameworksBuildPhase;
			buildActionMask = 2147483647;
			files = (
			);
			runOnlyForDeploymentPostprocessing = 0;
		};
/* End PBXFrameworksBuildPhase section */

/* Begin PBXGroup section */
		85B2879C27E0F861008962E5 /* View */ = {
			isa = PBXGroup;
			children = (
				85E7813927E0F571004C1088 /* Main.storyboard */,
			);
			path = View;
			sourceTree = "<group>";
		};
		85B2879D27E0F86E008962E5 /* Controller */ = {
			isa = PBXGroup;
			children = (
				85E7813727E0F571004C1088 /* ViewController.swift */,
				85B287AB27E12E46008962E5 /* MealViewController.swift */,
				85C05F0227E266040096F485 /* MealDetailViewController.swift */,
			);
			path = Controller;
			sourceTree = "<group>";
		};
		85B2879E27E0F889008962E5 /* Model */ = {
			isa = PBXGroup;
			children = (
				85B2879F27E0F8BB008962E5 /* MealManager.swift */,
				85B287A127E10D71008962E5 /* MealData.swift */,
				85B287A527E11D76008962E5 /* MealModel.swift */,
				85B287B127E144E7008962E5 /* Category.swift */,
				85E22C9327E24DAD005DC80B /* MealByCategory.swift */,
			);
			path = Model;
			sourceTree = "<group>";
		};
		85E7812727E0F571004C1088 = {
			isa = PBXGroup;
			children = (
				85E7813227E0F571004C1088 /* Fetch a Meal */,
				85E7813127E0F571004C1088 /* Products */,
			);
			sourceTree = "<group>";
		};
		85E7813127E0F571004C1088 /* Products */ = {
			isa = PBXGroup;
			children = (
				85E7813027E0F571004C1088 /* Fetch a Meal.app */,
			);
			name = Products;
			sourceTree = "<group>";
		};
		85E7813227E0F571004C1088 /* Fetch a Meal */ = {
			isa = PBXGroup;
			children = (
				85E7813327E0F571004C1088 /* AppDelegate.swift */,
				85E7813527E0F571004C1088 /* SceneDelegate.swift */,
				85B2879E27E0F889008962E5 /* Model */,
				85B2879C27E0F861008962E5 /* View */,
				85B2879D27E0F86E008962E5 /* Controller */,
				85E7813C27E0F572004C1088 /* Assets.xcassets */,
				85E7813E27E0F572004C1088 /* LaunchScreen.storyboard */,
				85E7814127E0F572004C1088 /* Info.plist */,
			);
			path = "Fetch a Meal";
			sourceTree = "<group>";
		};
/* End PBXGroup section */

/* Begin PBXNativeTarget section */
		85E7812F27E0F571004C1088 /* Fetch a Meal */ = {
			isa = PBXNativeTarget;
			buildConfigurationList = 85E7814427E0F572004C1088 /* Build configuration list for PBXNativeTarget "Fetch a Meal" */;
			buildPhases = (
				85E7812C27E0F571004C1088 /* Sources */,
				85E7812D27E0F571004C1088 /* Frameworks */,
				85E7812E27E0F571004C1088 /* Resources */,
			);
			buildRules = (
			);
			dependencies = (
			);
			name = "Fetch a Meal";
			productName = "Fetch a Meal";
			productReference = 85E7813027E0F571004C1088 /* Fetch a Meal.app */;
			productType = "com.apple.product-type.application";
		};
/* End PBXNativeTarget section */

/* Begin PBXProject section */
		85E7812827E0F571004C1088 /* Project object */ = {
			isa = PBXProject;
			attributes = {
				BuildIndependentTargetsInParallel = 1;
				LastSwiftUpdateCheck = 1330;
				LastUpgradeCheck = 1330;
				TargetAttributes = {
					85E7812F27E0F571004C1088 = {
						CreatedOnToolsVersion = 13.3;
					};
				};
			};
			buildConfigurationList = 85E7812B27E0F571004C1088 /* Build configuration list for PBXProject "Fetch a Meal" */;
			compatibilityVersion = "Xcode 13.0";
			developmentRegion = en;
			hasScannedForEncodings = 0;
			knownRegions = (
				en,
				Base,
			);
			mainGroup = 85E7812727E0F571004C1088;
			productRefGroup = 85E7813127E0F571004C1088 /* Products */;
			projectDirPath = "";
			projectRoot = "";
			targets = (
				85E7812F27E0F571004C1088 /* Fetch a Meal */,
			);
		};
/* End PBXProject section */

/* Begin PBXResourcesBuildPhase section */
		85E7812E27E0F571004C1088 /* Resources */ = {
			isa = PBXResourcesBuildPhase;
			buildActionMask = 2147483647;
			files = (
				85E7814027E0F572004C1088 /* LaunchScreen.storyboard in Resources */,
				85E7813D27E0F572004C1088 /* Assets.xcassets in Resources */,
				85E7813B27E0F571004C1088 /* Main.storyboard in Resources */,
			);
			runOnlyForDeploymentPostprocessing = 0;
		};
/* End PBXResourcesBuildPhase section */

/* Begin PBXSourcesBuildPhase section */
		85E7812C27E0F571004C1088 /* Sources */ = {
			isa = PBXSourcesBuildPhase;
			buildActionMask = 2147483647;
			files = (
				85E7813827E0F571004C1088 /* ViewController.swift in Sources */,
				85B287A227E10D71008962E5 /* MealData.swift in Sources */,
				85E7813427E0F571004C1088 /* AppDelegate.swift in Sources */,
				85B287AC27E12E46008962E5 /* MealViewController.swift in Sources */,
				85B287A027E0F8BB008962E5 /* MealManager.swift in Sources */,
				85B287A627E11D76008962E5 /* MealModel.swift in Sources */,
				85E7813627E0F571004C1088 /* SceneDelegate.swift in Sources */,
				85B287B227E144E7008962E5 /* Category.swift in Sources */,
				85C05F0327E266040096F485 /* MealDetailViewController.swift in Sources */,
				85E22C9427E24DAD005DC80B /* MealByCategory.swift in Sources */,
			);
			runOnlyForDeploymentPostprocessing = 0;
		};
/* End PBXSourcesBuildPhase section */

/* Begin PBXVariantGroup section */
		85E7813927E0F571004C1088 /* Main.storyboard */ = {
			isa = PBXVariantGroup;
			children = (
				85E7813A27E0F571004C1088 /* Base */,
			);
			name = Main.storyboard;
			sourceTree = "<group>";
		};
		85E7813E27E0F572004C1088 /* LaunchScreen.storyboard */ = {
			isa = PBXVariantGroup;
			children = (
				85E7813F27E0F572004C1088 /* Base */,
			);
			name = LaunchScreen.storyboard;
			sourceTree = "<group>";
		};
/* End PBXVariantGroup section */

/* Begin XCBuildConfiguration section */
		85E7814227E0F572004C1088 /* Debug */ = {
			isa = XCBuildConfiguration;
			buildSettings = {
				ALWAYS_SEARCH_USER_PATHS = NO;
				CLANG_ANALYZER_NONNULL = YES;
				CLANG_ANALYZER_NUMBER_OBJECT_CONVERSION = YES_AGGRESSIVE;
				CLANG_CXX_LANGUAGE_STANDARD = "gnu++17";
				CLANG_ENABLE_MODULES = YES;
				CLANG_ENABLE_OBJC_ARC = YES;
				CLANG_ENABLE_OBJC_WEAK = YES;
				CLANG_WARN_BLOCK_CAPTURE_AUTORELEASING = YES;
				CLANG_WARN_BOOL_CONVERSION = YES;
				CLANG_WARN_COMMA = YES;
				CLANG_WARN_CONSTANT_CONVERSION = YES;
				CLANG_WARN_DEPRECATED_OBJC_IMPLEMENTATIONS = YES;
				CLANG_WARN_DIRECT_OBJC_ISA_USAGE = YES_ERROR;
				CLANG_WARN_DOCUMENTATION_COMMENTS = YES;
				CLANG_WARN_EMPTY_BODY = YES;
				CLANG_WARN_ENUM_CONVERSION = YES;
				CLANG_WARN_INFINITE_RECURSION = YES;
				CLANG_WARN_INT_CONVERSION = YES;
				CLANG_WARN_NON_LITERAL_NULL_CONVERSION = YES;
				CLANG_WARN_OBJC_IMPLICIT_RETAIN_SELF = YES;
				CLANG_WARN_OBJC_LITERAL_CONVERSION = YES;
				CLANG_WARN_OBJC_ROOT_CLASS = YES_ERROR;
				CLANG_WARN_QUOTED_INCLUDE_IN_FRAMEWORK_HEADER = YES;
				CLANG_WARN_RANGE_LOOP_ANALYSIS = YES;
				CLANG_WARN_STRICT_PROTOTYPES = YES;
				CLANG_WARN_SUSPICIOUS_MOVE = YES;
				CLANG_WARN_UNGUARDED_AVAILABILITY = YES_AGGRESSIVE;
				CLANG_WARN_UNREACHABLE_CODE = YES;
				CLANG_WARN__DUPLICATE_METHOD_MATCH = YES;
				COPY_PHASE_STRIP = NO;
				DEBUG_INFORMATION_FORMAT = dwarf;
				ENABLE_STRICT_OBJC_MSGSEND = YES;
				ENABLE_TESTABILITY = YES;
				GCC_C_LANGUAGE_STANDARD = gnu11;
				GCC_DYNAMIC_NO_PIC = NO;
				GCC_NO_COMMON_BLOCKS = YES;
				GCC_OPTIMIZATION_LEVEL = 0;
				GCC_PREPROCESSOR_DEFINITIONS = (
					"DEBUG=1",
					"$(inherited)",
				);
				GCC_WARN_64_TO_32_BIT_CONVERSION = YES;
				GCC_WARN_ABOUT_RETURN_TYPE = YES_ERROR;
				GCC_WARN_UNDECLARED_SELECTOR = YES;
				GCC_WARN_UNINITIALIZED_AUTOS = YES_AGGRESSIVE;
				GCC_WARN_UNUSED_FUNCTION = YES;
				GCC_WARN_UNUSED_VARIABLE = YES;
				IPHONEOS_DEPLOYMENT_TARGET = 15.4;
				MTL_ENABLE_DEBUG_INFO = INCLUDE_SOURCE;
				MTL_FAST_MATH = YES;
				ONLY_ACTIVE_ARCH = YES;
				SDKROOT = iphoneos;
				SWIFT_ACTIVE_COMPILATION_CONDITIONS = DEBUG;
				SWIFT_OPTIMIZATION_LEVEL = "-Onone";
			};
			name = Debug;
		};
		85E7814327E0F572004C1088 /* Release */ = {
			isa = XCBuildConfiguration;
			buildSettings = {
				ALWAYS_SEARCH_USER_PATHS = NO;
				CLANG_ANALYZER_NONNULL = YES;
				CLANG_ANALYZER_NUMBER_OBJECT_CONVERSION = YES_AGGRESSIVE;
				CLANG_CXX_LANGUAGE_STANDARD = "gnu++17";
				CLANG_ENABLE_MODULES = YES;
				CLANG_ENABLE_OBJC_ARC = YES;
				CLANG_ENABLE_OBJC_WEAK = YES;
				CLANG_WARN_BLOCK_CAPTURE_AUTORELEASING = YES;
				CLANG_WARN_BOOL_CONVERSION = YES;
				CLANG_WARN_COMMA = YES;
				CLANG_WARN_CONSTANT_CONVERSION = YES;
				CLANG_WARN_DEPRECATED_OBJC_IMPLEMENTATIONS = YES;
				CLANG_WARN_DIRECT_OBJC_ISA_USAGE = YES_ERROR;
				CLANG_WARN_DOCUMENTATION_COMMENTS = YES;
				CLANG_WARN_EMPTY_BODY = YES;
				CLANG_WARN_ENUM_CONVERSION = YES;
				CLANG_WARN_INFINITE_RECURSION = YES;
				CLANG_WARN_INT_CONVERSION = YES;
				CLANG_WARN_NON_LITERAL_NULL_CONVERSION = YES;
				CLANG_WARN_OBJC_IMPLICIT_RETAIN_SELF = YES;
				CLANG_WARN_OBJC_LITERAL_CONVERSION = YES;
				CLANG_WARN_OBJC_ROOT_CLASS = YES_ERROR;
				CLANG_WARN_QUOTED_INCLUDE_IN_FRAMEWORK_HEADER = YES;
				CLANG_WARN_RANGE_LOOP_ANALYSIS = YES;
				CLANG_WARN_STRICT_PROTOTYPES = YES;
				CLANG_WARN_SUSPICIOUS_MOVE = YES;
				CLANG_WARN_UNGUARDED_AVAILABILITY = YES_AGGRESSIVE;
				CLANG_WARN_UNREACHABLE_CODE = YES;
				CLANG_WARN__DUPLICATE_METHOD_MATCH = YES;
				COPY_PHASE_STRIP = NO;
				DEBUG_INFORMATION_FORMAT = "dwarf-with-dsym";
				ENABLE_NS_ASSERTIONS = NO;
				ENABLE_STRICT_OBJC_MSGSEND = YES;
				GCC_C_LANGUAGE_STANDARD = gnu11;
				GCC_NO_COMMON_BLOCKS = YES;
				GCC_WARN_64_TO_32_BIT_CONVERSION = YES;
				GCC_WARN_ABOUT_RETURN_TYPE = YES_ERROR;
				GCC_WARN_UNDECLARED_SELECTOR = YES;
				GCC_WARN_UNINITIALIZED_AUTOS = YES_AGGRESSIVE;
				GCC_WARN_UNUSED_FUNCTION = YES;
				GCC_WARN_UNUSED_VARIABLE = YES;
				IPHONEOS_DEPLOYMENT_TARGET = 15.4;
				MTL_ENABLE_DEBUG_INFO = NO;
				MTL_FAST_MATH = YES;
				SDKROOT = iphoneos;
				SWIFT_COMPILATION_MODE = wholemodule;
				SWIFT_OPTIMIZATION_LEVEL = "-O";
				VALIDATE_PRODUCT = YES;
			};
			name = Release;
		};
		85E7814527E0F572004C1088 /* Debug */ = {
			isa = XCBuildConfiguration;
			buildSettings = {
				ASSETCATALOG_COMPILER_APPICON_NAME = AppIcon;
				ASSETCATALOG_COMPILER_GLOBAL_ACCENT_COLOR_NAME = AccentColor;
				CODE_SIGN_STYLE = Automatic;
				CURRENT_PROJECT_VERSION = 1;
				DEVELOPMENT_TEAM = 7SGM899LTH;
				GENERATE_INFOPLIST_FILE = YES;
				INFOPLIST_FILE = "Fetch a Meal/Info.plist";
				INFOPLIST_KEY_UIApplicationSupportsIndirectInputEvents = YES;
				INFOPLIST_KEY_UILaunchStoryboardName = LaunchScreen;
				INFOPLIST_KEY_UIMainStoryboardFile = Main;
				INFOPLIST_KEY_UISupportedInterfaceOrientations = UIInterfaceOrientationPortrait;
				INFOPLIST_KEY_UISupportedInterfaceOrientations_iPad = "UIInterfaceOrientationPortrait UIInterfaceOrientationPortraitUpsideDown";
				INFOPLIST_KEY_UISupportedInterfaceOrientations_iPhone = UIInterfaceOrientationPortrait;
				LD_RUNPATH_SEARCH_PATHS = (
					"$(inherited)",
					"@executable_path/Frameworks",
				);
				MARKETING_VERSION = 1.0;
				PRODUCT_BUNDLE_IDENTIFIER = "com.adambsadler.Fetch-a-Meal";
				PRODUCT_NAME = "$(TARGET_NAME)";
				SWIFT_EMIT_LOC_STRINGS = YES;
				SWIFT_VERSION = 5.0;
				TARGETED_DEVICE_FAMILY = "1,2";
			};
			name = Debug;
		};
		85E7814627E0F572004C1088 /* Release */ = {
			isa = XCBuildConfiguration;
			buildSettings = {
				ASSETCATALOG_COMPILER_APPICON_NAME = AppIcon;
				ASSETCATALOG_COMPILER_GLOBAL_ACCENT_COLOR_NAME = AccentColor;
				CODE_SIGN_STYLE = Automatic;
				CURRENT_PROJECT_VERSION = 1;
				DEVELOPMENT_TEAM = 7SGM899LTH;
				GENERATE_INFOPLIST_FILE = YES;
				INFOPLIST_FILE = "Fetch a Meal/Info.plist";
				INFOPLIST_KEY_UIApplicationSupportsIndirectInputEvents = YES;
				INFOPLIST_KEY_UILaunchStoryboardName = LaunchScreen;
				INFOPLIST_KEY_UIMainStoryboardFile = Main;
				INFOPLIST_KEY_UISupportedInterfaceOrientations = UIInterfaceOrientationPortrait;
				INFOPLIST_KEY_UISupportedInterfaceOrientations_iPad = "UIInterfaceOrientationPortrait UIInterfaceOrientationPortraitUpsideDown";
				INFOPLIST_KEY_UISupportedInterfaceOrientations_iPhone = UIInterfaceOrientationPortrait;
				LD_RUNPATH_SEARCH_PATHS = (
					"$(inherited)",
					"@executable_path/Frameworks",
				);
				MARKETING_VERSION = 1.0;
				PRODUCT_BUNDLE_IDENTIFIER = "com.adambsadler.Fetch-a-Meal";
				PRODUCT_NAME = "$(TARGET_NAME)";
				SWIFT_EMIT_LOC_STRINGS = YES;
				SWIFT_VERSION = 5.0;
				TARGETED_DEVICE_FAMILY = "1,2";
			};
			name = Release;
		};
/* End XCBuildConfiguration section */

/* Begin XCConfigurationList section */
		85E7812B27E0F571004C1088 /* Build configuration list for PBXProject "Fetch a Meal" */ = {
			isa = XCConfigurationList;
			buildConfigurations = (
				85E7814227E0F572004C1088 /* Debug */,
				85E7814327E0F572004C1088 /* Release */,
			);
			defaultConfigurationIsVisible = 0;
			defaultConfigurationName = Release;
		};
		85E7814427E0F572004C1088 /* Build configuration list for PBXNativeTarget "Fetch a Meal" */ = {
			isa = XCConfigurationList;
			buildConfigurations = (
				85E7814527E0F572004C1088 /* Debug */,
				85E7814627E0F572004C1088 /* Release */,
			);
			defaultConfigurationIsVisible = 0;
			defaultConfigurationName = Release;
		};
/* End XCConfigurationList section */
	};
	rootObject = 85E7812827E0F571004C1088 /* Project object */;
}
